
Microsoft Visual Studio Solution File, Format Version 12.00
# Visual Studio Version 17
VisualStudioVersion = 17.10.35201.131
MinimumVisualStudioVersion = 10.0.40219.1
Project("{FAE04EC0-301F-11D3-BF4B-00C04F79EFBC}") = "MoreTails", "MoreTails\MoreTails.csproj", "{DBD99ED2-4DF1-47D9-B1C9-1D2B09C3EC85}"
EndProject
Project("{2150E333-8FDC-42A3-9474-1A3956D46DE8}") = "Solution Items", "Solution Items", "{2AED2F37-89D9-42F1-8ABF-ADA7CD83F2D8}"
	ProjectSection(SolutionItems) = preProject
		.gitattributes = .gitattributes
		.gitignore = .gitignore
		LICENSE.txt = LICENSE.txt
		README.md = README.md
		reverse-engineering-notes.txt = reverse-engineering-notes.txt
	EndProjectSection
EndProject
Project("{FAE04EC0-301F-11D3-BF4B-00C04F79EFBC}") = "MoreTails.TestMod", "MoreTails.TestMod\MoreTails.TestMod.csproj", "{9BD84846-EBA2-4BBB-8EC3-5F77FB851CE6}"
EndProject
Project("{FAE04EC0-301F-11D3-BF4B-00C04F79EFBC}") = "MoreTails.Interfaces", "MoreTails.ModApi\MoreTails.Interfaces.csproj", "{7BA9FE68-BB07-439A-87AC-62E93F3F4781}"
EndProject
Global
	GlobalSection(SolutionConfigurationPlatforms) = preSolution
		Debug|Any CPU = Debug|Any CPU
		Release|Any CPU = Release|Any CPU
	EndGlobalSection
	GlobalSection(ProjectConfigurationPlatforms) = postSolution
		{DBD99ED2-4DF1-47D9-B1C9-1D2B09C3EC85}.Debug|Any CPU.ActiveCfg = Debug|Any CPU
		{DBD99ED2-4DF1-47D9-B1C9-1D2B09C3EC85}.Debug|Any CPU.Build.0 = Debug|Any CPU
		{DBD99ED2-4DF1-47D9-B1C9-1D2B09C3EC85}.Release|Any CPU.ActiveCfg = Release|Any CPU
		{DBD99ED2-4DF1-47D9-B1C9-1D2B09C3EC85}.Release|Any CPU.Build.0 = Release|Any CPU
		{9BD84846-EBA2-4BBB-8EC3-5F77FB851CE6}.Debug|Any CPU.ActiveCfg = Debug|Any CPU
		{9BD84846-EBA2-4BBB-8EC3-5F77FB851CE6}.Debug|Any CPU.Build.0 = Debug|Any CPU
		{9BD84846-EBA2-4BBB-8EC3-5F77FB851CE6}.Release|Any CPU.ActiveCfg = Release|Any CPU
		{9BD84846-EBA2-4BBB-8EC3-5F77FB851CE6}.Release|Any CPU.Build.0 = Release|Any CPU
		{7BA9FE68-BB07-439A-87AC-62E93F3F4781}.Debug|Any CPU.ActiveCfg = Debug|Any CPU
		{7BA9FE68-BB07-439A-87AC-62E93F3F4781}.Debug|Any CPU.Build.0 = Debug|Any CPU
		{7BA9FE68-BB07-439A-87AC-62E93F3F4781}.Release|Any CPU.ActiveCfg = Release|Any CPU
		{7BA9FE68-BB07-439A-87AC-62E93F3F4781}.Release|Any CPU.Build.0 = Release|Any CPU
	EndGlobalSection
	GlobalSection(SolutionProperties) = preSolution
		HideSolutionNode = FALSE
	EndGlobalSection
	GlobalSection(ExtensibilityGlobals) = postSolution
		SolutionGuid = {6FF890ED-155A-468E-92B3-3CE25F4E3135}
	EndGlobalSection
EndGlobal
